
Microsoft Visual Studio Solution File, Format Version 12.00
# Visual Studio Version 17
VisualStudioVersion = 17.8.34330.188
MinimumVisualStudioVersion = 10.0.40219.1
Project("{FAE04EC0-301F-11D3-BF4B-00C04F79EFBC}") = "EF_CodeFirst", "EF_CodeFirst\EF_CodeFirst.csproj", "{BC1ADDD9-414A-4BAE-921E-B9B104933AAF}"
EndProject
Global
	GlobalSection(SolutionConfigurationPlatforms) = preSolution
		Debug|Any CPU = Debug|Any CPU
		Release|Any CPU = Release|Any CPU
	EndGlobalSection
	GlobalSection(ProjectConfigurationPlatforms) = postSolution
		{BC1ADDD9-414A-4BAE-921E-B9B104933AAF}.Debug|Any CPU.ActiveCfg = Debug|Any CPU
		{BC1ADDD9-414A-4BAE-921E-B9B104933AAF}.Debug|Any CPU.Build.0 = Debug|Any CPU
		{BC1ADDD9-414A-4BAE-921E-B9B104933AAF}.Release|Any CPU.ActiveCfg = Release|Any CPU
		{BC1ADDD9-414A-4BAE-921E-B9B104933AAF}.Release|Any CPU.Build.0 = Release|Any CPU
	EndGlobalSection
	GlobalSection(SolutionProperties) = preSolution
		HideSolutionNode = FALSE
	EndGlobalSection
	GlobalSection(ExtensibilityGlobals) = postSolution
		SolutionGuid = {9B691826-2CD2-4CFF-9BF4-BB73C19331EB}
	EndGlobalSection
EndGlobal
